
Microsoft Visual Studio Solution File, Format Version 12.00
# Visual Studio Version 17
VisualStudioVersion = 17.2.32630.192
MinimumVisualStudioVersion = 10.0.40219.1
Project("{9A19103F-16F7-4668-BE54-9A1E7A4F7556}") = "homework-prac4.Server", "Server\homework-prac4.Server.csproj", "{BFF1601D-990C-44FC-B942-26CE19868DDD}"
EndProject
Project("{9A19103F-16F7-4668-BE54-9A1E7A4F7556}") = "homework-prac4.Client", "Client\homework-prac4.Client.csproj", "{2569AE6B-6386-4179-B010-C7D345E52D9C}"
EndProject
Project("{9A19103F-16F7-4668-BE54-9A1E7A4F7556}") = "homework-prac4.Shared", "Shared\homework-prac4.Shared.csproj", "{8B4E3672-7B95-4B8F-B009-766A4B095F0D}"
EndProject
Global
	GlobalSection(SolutionConfigurationPlatforms) = preSolution
		Debug|Any CPU = Debug|Any CPU
		Release|Any CPU = Release|Any CPU
	EndGlobalSection
	GlobalSection(ProjectConfigurationPlatforms) = postSolution
		{BFF1601D-990C-44FC-B942-26CE19868DDD}.Debug|Any CPU.ActiveCfg = Debug|Any CPU
		{BFF1601D-990C-44FC-B942-26CE19868DDD}.Debug|Any CPU.Build.0 = Debug|Any CPU
		{BFF1601D-990C-44FC-B942-26CE19868DDD}.Release|Any CPU.ActiveCfg = Release|Any CPU
		{BFF1601D-990C-44FC-B942-26CE19868DDD}.Release|Any CPU.Build.0 = Release|Any CPU
		{2569AE6B-6386-4179-B010-C7D345E52D9C}.Debug|Any CPU.ActiveCfg = Debug|Any CPU
		{2569AE6B-6386-4179-B010-C7D345E52D9C}.Debug|Any CPU.Build.0 = Debug|Any CPU
		{2569AE6B-6386-4179-B010-C7D345E52D9C}.Release|Any CPU.ActiveCfg = Release|Any CPU
		{2569AE6B-6386-4179-B010-C7D345E52D9C}.Release|Any CPU.Build.0 = Release|Any CPU
		{8B4E3672-7B95-4B8F-B009-766A4B095F0D}.Debug|Any CPU.ActiveCfg = Debug|Any CPU
		{8B4E3672-7B95-4B8F-B009-766A4B095F0D}.Debug|Any CPU.Build.0 = Debug|Any CPU
		{8B4E3672-7B95-4B8F-B009-766A4B095F0D}.Release|Any CPU.ActiveCfg = Release|Any CPU
		{8B4E3672-7B95-4B8F-B009-766A4B095F0D}.Release|Any CPU.Build.0 = Release|Any CPU
	EndGlobalSection
	GlobalSection(SolutionProperties) = preSolution
		HideSolutionNode = FALSE
	EndGlobalSection
	GlobalSection(ExtensibilityGlobals) = postSolution
		SolutionGuid = {CD42C072-89CC-4F8A-AE74-583933DAC5AB}
	EndGlobalSection
EndGlobal
